{
  "name": "resources",
  "lockfileVersion": 2,
  "requires": true,
  "packages": {
    "": {
      "devDependencies": {
        "freemarker-parser": "^1.2.1"
      }
    },
    "node_modules/freemarker-parser": {
      "version": "1.2.1",
      "resolved": "https://registry.npmjs.org/freemarker-parser/-/freemarker-parser-1.2.1.tgz",
      "integrity": "sha512-vccG7qUN5CmPwZ4a8EzT9ch2TFsMYH0nTSiNnthLOiCEuLZe+l7sm46cwKAAz/wrgTs47qF7jo+cR2OC3E2zPw==",
      "dev": true,
      "engines": {
        "node": ">=10.0.0"
      }
    }
  },
  "dependencies": {
    "freemarker-parser": {
      "version": "1.2.1",
      "resolved": "https://registry.npmjs.org/freemarker-parser/-/freemarker-parser-1.2.1.tgz",
      "integrity": "sha512-vccG7qUN5CmPwZ4a8EzT9ch2TFsMYH0nTSiNnthLOiCEuLZe+l7sm46cwKAAz/wrgTs47qF7jo+cR2OC3E2zPw==",
      "dev": true
    }
  }
}
